
Microsoft Visual Studio Solution File, Format Version 12.00
# Visual Studio Express 2013 for Web
VisualStudioVersion = 12.0.31101.0
MinimumVisualStudioVersion = 10.0.40219.1
Project("{FAE04EC0-301F-11D3-BF4B-00C04F79EFBC}") = "Spofford.WebApi", "Spofford.WebApi\Spofford.WebApi.csproj", "{24B09D4E-B064-4B40-A377-2CF0FD7E21ED}"
EndProject
Project("{FAE04EC0-301F-11D3-BF4B-00C04F79EFBC}") = "Spofford.Data", "Spofford.Data\Spofford.Data.csproj", "{BAA50DB3-29EF-449A-8F5A-31F2B6792A23}"
EndProject
Project("{FAE04EC0-301F-11D3-BF4B-00C04F79EFBC}") = "Spofford.Core", "Spofford.Core\Spofford.Core.csproj", "{C109C1CC-5778-43D8-B231-16C90F9748D8}"
EndProject
Project("{FAE04EC0-301F-11D3-BF4B-00C04F79EFBC}") = "Spofford.Web", "Spofford.Web\Spofford.Web.csproj", "{AEFE5F4A-4B61-4022-8FB1-C9EA418A3554}"
EndProject
Global
	GlobalSection(SolutionConfigurationPlatforms) = preSolution
		Debug|Any CPU = Debug|Any CPU
		Release|Any CPU = Release|Any CPU
	EndGlobalSection
	GlobalSection(ProjectConfigurationPlatforms) = postSolution
		{24B09D4E-B064-4B40-A377-2CF0FD7E21ED}.Debug|Any CPU.ActiveCfg = Debug|Any CPU
		{24B09D4E-B064-4B40-A377-2CF0FD7E21ED}.Debug|Any CPU.Build.0 = Debug|Any CPU
		{24B09D4E-B064-4B40-A377-2CF0FD7E21ED}.Release|Any CPU.ActiveCfg = Release|Any CPU
		{24B09D4E-B064-4B40-A377-2CF0FD7E21ED}.Release|Any CPU.Build.0 = Release|Any CPU
		{BAA50DB3-29EF-449A-8F5A-31F2B6792A23}.Debug|Any CPU.ActiveCfg = Debug|Any CPU
		{BAA50DB3-29EF-449A-8F5A-31F2B6792A23}.Debug|Any CPU.Build.0 = Debug|Any CPU
		{BAA50DB3-29EF-449A-8F5A-31F2B6792A23}.Release|Any CPU.ActiveCfg = Release|Any CPU
		{BAA50DB3-29EF-449A-8F5A-31F2B6792A23}.Release|Any CPU.Build.0 = Release|Any CPU
		{C109C1CC-5778-43D8-B231-16C90F9748D8}.Debug|Any CPU.ActiveCfg = Debug|Any CPU
		{C109C1CC-5778-43D8-B231-16C90F9748D8}.Debug|Any CPU.Build.0 = Debug|Any CPU
		{C109C1CC-5778-43D8-B231-16C90F9748D8}.Release|Any CPU.ActiveCfg = Release|Any CPU
		{C109C1CC-5778-43D8-B231-16C90F9748D8}.Release|Any CPU.Build.0 = Release|Any CPU
		{AEFE5F4A-4B61-4022-8FB1-C9EA418A3554}.Debug|Any CPU.ActiveCfg = Debug|Any CPU
		{AEFE5F4A-4B61-4022-8FB1-C9EA418A3554}.Debug|Any CPU.Build.0 = Debug|Any CPU
		{AEFE5F4A-4B61-4022-8FB1-C9EA418A3554}.Release|Any CPU.ActiveCfg = Release|Any CPU
		{AEFE5F4A-4B61-4022-8FB1-C9EA418A3554}.Release|Any CPU.Build.0 = Release|Any CPU
	EndGlobalSection
	GlobalSection(SolutionProperties) = preSolution
		HideSolutionNode = FALSE
	EndGlobalSection
EndGlobal
